
Microsoft Visual Studio Solution File, Format Version 12.00
# Visual Studio Version 17
VisualStudioVersion = 17.4.33103.184
MinimumVisualStudioVersion = 10.0.40219.1
Project("{FAE04EC0-301F-11D3-BF4B-00C04F79EFBC}") = "Witcher", "Witcher\Witcher.csproj", "{77B2AE0B-784D-45AF-8577-0E9926F777DB}"
EndProject
Project("{FAE04EC0-301F-11D3-BF4B-00C04F79EFBC}") = "WitcherServer", "WitcherServer\WitcherServer.csproj", "{93739274-B65C-4F81-8D32-59C3A219506C}"
EndProject
Global
	GlobalSection(SolutionConfigurationPlatforms) = preSolution
		Debug|Any CPU = Debug|Any CPU
		Release|Any CPU = Release|Any CPU
	EndGlobalSection
	GlobalSection(ProjectConfigurationPlatforms) = postSolution
		{77B2AE0B-784D-45AF-8577-0E9926F777DB}.Debug|Any CPU.ActiveCfg = Debug|Any CPU
		{77B2AE0B-784D-45AF-8577-0E9926F777DB}.Debug|Any CPU.Build.0 = Debug|Any CPU
		{77B2AE0B-784D-45AF-8577-0E9926F777DB}.Release|Any CPU.ActiveCfg = Release|Any CPU
		{77B2AE0B-784D-45AF-8577-0E9926F777DB}.Release|Any CPU.Build.0 = Release|Any CPU
		{93739274-B65C-4F81-8D32-59C3A219506C}.Debug|Any CPU.ActiveCfg = Debug|Any CPU
		{93739274-B65C-4F81-8D32-59C3A219506C}.Debug|Any CPU.Build.0 = Debug|Any CPU
		{93739274-B65C-4F81-8D32-59C3A219506C}.Release|Any CPU.ActiveCfg = Release|Any CPU
		{93739274-B65C-4F81-8D32-59C3A219506C}.Release|Any CPU.Build.0 = Release|Any CPU
	EndGlobalSection
	GlobalSection(SolutionProperties) = preSolution
		HideSolutionNode = FALSE
	EndGlobalSection
	GlobalSection(ExtensibilityGlobals) = postSolution
		SolutionGuid = {7C4E5BB3-013E-4CF6-A51F-4839367B5C73}
	EndGlobalSection
EndGlobal
